
Microsoft Visual Studio Solution File, Format Version 12.00
# Visual Studio 15
VisualStudioVersion = 15.0.26730.12
MinimumVisualStudioVersion = 10.0.40219.1
Project("{FAE04EC0-301F-11D3-BF4B-00C04F79EFBC}") = "SanaWebShop.Presentation", "SanaWebShop.Presentation\SanaWebShop.Presentation.csproj", "{3796FDD2-6AB9-4E34-821A-F0E68D741FE8}"
EndProject
Project("{FAE04EC0-301F-11D3-BF4B-00C04F79EFBC}") = "SanaWebShop.Tests", "SanaWebShop.Tests\SanaWebShop.Tests.csproj", "{33AE0FFB-6FF3-478C-8FFB-3C208DC923F7}"
EndProject
Project("{FAE04EC0-301F-11D3-BF4B-00C04F79EFBC}") = "SanaWebShop.Core", "SanaWebShop.Core\SanaWebShop.Core.csproj", "{C582A7D9-DD4C-4BE1-BFD4-C5B6D6C58E27}"
EndProject
Project("{FAE04EC0-301F-11D3-BF4B-00C04F79EFBC}") = "SanaWebShop.Persistence", "SanaWebShop.Persistence\SanaWebShop.Persistence.csproj", "{ED1DB870-C65C-48B9-BDDB-C62CDA2289AB}"
EndProject
Global
	GlobalSection(SolutionConfigurationPlatforms) = preSolution
		Debug|Any CPU = Debug|Any CPU
		Release|Any CPU = Release|Any CPU
	EndGlobalSection
	GlobalSection(ProjectConfigurationPlatforms) = postSolution
		{3796FDD2-6AB9-4E34-821A-F0E68D741FE8}.Debug|Any CPU.ActiveCfg = Debug|Any CPU
		{3796FDD2-6AB9-4E34-821A-F0E68D741FE8}.Debug|Any CPU.Build.0 = Debug|Any CPU
		{3796FDD2-6AB9-4E34-821A-F0E68D741FE8}.Release|Any CPU.ActiveCfg = Release|Any CPU
		{3796FDD2-6AB9-4E34-821A-F0E68D741FE8}.Release|Any CPU.Build.0 = Release|Any CPU
		{33AE0FFB-6FF3-478C-8FFB-3C208DC923F7}.Debug|Any CPU.ActiveCfg = Debug|Any CPU
		{33AE0FFB-6FF3-478C-8FFB-3C208DC923F7}.Debug|Any CPU.Build.0 = Debug|Any CPU
		{33AE0FFB-6FF3-478C-8FFB-3C208DC923F7}.Release|Any CPU.ActiveCfg = Release|Any CPU
		{33AE0FFB-6FF3-478C-8FFB-3C208DC923F7}.Release|Any CPU.Build.0 = Release|Any CPU
		{C582A7D9-DD4C-4BE1-BFD4-C5B6D6C58E27}.Debug|Any CPU.ActiveCfg = Debug|Any CPU
		{C582A7D9-DD4C-4BE1-BFD4-C5B6D6C58E27}.Debug|Any CPU.Build.0 = Debug|Any CPU
		{C582A7D9-DD4C-4BE1-BFD4-C5B6D6C58E27}.Release|Any CPU.ActiveCfg = Release|Any CPU
		{C582A7D9-DD4C-4BE1-BFD4-C5B6D6C58E27}.Release|Any CPU.Build.0 = Release|Any CPU
		{ED1DB870-C65C-48B9-BDDB-C62CDA2289AB}.Debug|Any CPU.ActiveCfg = Debug|Any CPU
		{ED1DB870-C65C-48B9-BDDB-C62CDA2289AB}.Debug|Any CPU.Build.0 = Debug|Any CPU
		{ED1DB870-C65C-48B9-BDDB-C62CDA2289AB}.Release|Any CPU.ActiveCfg = Release|Any CPU
		{ED1DB870-C65C-48B9-BDDB-C62CDA2289AB}.Release|Any CPU.Build.0 = Release|Any CPU
	EndGlobalSection
	GlobalSection(SolutionProperties) = preSolution
		HideSolutionNode = FALSE
	EndGlobalSection
	GlobalSection(ExtensibilityGlobals) = postSolution
		SolutionGuid = {23E61E0D-B6BC-4808-AE94-A3A7E064C671}
	EndGlobalSection
EndGlobal
